
Microsoft Visual Studio Solution File, Format Version 12.00
# Visual Studio Version 17
VisualStudioVersion = 17.0.31903.59
MinimumVisualStudioVersion = 10.0.40219.1
Project("{FAE04EC0-301F-11D3-BF4B-00C04F79EFBC}") = "Godex.Core", "Godex.Core\Godex.Core.csproj", "{BD850FF4-2850-4A1F-831B-F82DB56553C6}"
EndProject
Project("{FAE04EC0-301F-11D3-BF4B-00C04F79EFBC}") = "Godex.Excel", "Godex.Excel\Godex.Excel.csproj", "{F6D737C0-4CA9-4B0D-A72C-68CC1E963497}"
EndProject
Project("{FAE04EC0-301F-11D3-BF4B-00C04F79EFBC}") = "Godex.Ezpl", "Godex.Ezpl\Godex.Ezpl.csproj", "{27A0E558-7A3F-403D-B56D-CD9BC3F5E7FC}"
EndProject
Project("{FAE04EC0-301F-11D3-BF4B-00C04F79EFBC}") = "Godex.Printing", "Godex.Printing\Godex.Printing.csproj", "{11BEEB17-E740-43DC-87D6-E812A96CB115}"
EndProject
Project("{FAE04EC0-301F-11D3-BF4B-00C04F79EFBC}") = "Godex.App", "Godex.App\Godex.App.csproj", "{000A2B12-F245-4CA2-BCDB-3E6D1049A669}"
EndProject
Global
	GlobalSection(SolutionConfigurationPlatforms) = preSolution
		Debug|Any CPU = Debug|Any CPU
		Debug|x64 = Debug|x64
		Debug|x86 = Debug|x86
		Release|Any CPU = Release|Any CPU
		Release|x64 = Release|x64
		Release|x86 = Release|x86
	EndGlobalSection
	GlobalSection(ProjectConfigurationPlatforms) = postSolution
		{BD850FF4-2850-4A1F-831B-F82DB56553C6}.Debug|Any CPU.ActiveCfg = Debug|Any CPU
		{BD850FF4-2850-4A1F-831B-F82DB56553C6}.Debug|Any CPU.Build.0 = Debug|Any CPU
		{BD850FF4-2850-4A1F-831B-F82DB56553C6}.Debug|x64.ActiveCfg = Debug|Any CPU
		{BD850FF4-2850-4A1F-831B-F82DB56553C6}.Debug|x64.Build.0 = Debug|Any CPU
		{BD850FF4-2850-4A1F-831B-F82DB56553C6}.Debug|x86.ActiveCfg = Debug|Any CPU
		{BD850FF4-2850-4A1F-831B-F82DB56553C6}.Debug|x86.Build.0 = Debug|Any CPU
		{BD850FF4-2850-4A1F-831B-F82DB56553C6}.Release|Any CPU.ActiveCfg = Release|Any CPU
		{BD850FF4-2850-4A1F-831B-F82DB56553C6}.Release|Any CPU.Build.0 = Release|Any CPU
		{BD850FF4-2850-4A1F-831B-F82DB56553C6}.Release|x64.ActiveCfg = Release|Any CPU
		{BD850FF4-2850-4A1F-831B-F82DB56553C6}.Release|x64.Build.0 = Release|Any CPU
		{BD850FF4-2850-4A1F-831B-F82DB56553C6}.Release|x86.ActiveCfg = Release|Any CPU
		{BD850FF4-2850-4A1F-831B-F82DB56553C6}.Release|x86.Build.0 = Release|Any CPU
		{F6D737C0-4CA9-4B0D-A72C-68CC1E963497}.Debug|Any CPU.ActiveCfg = Debug|Any CPU
		{F6D737C0-4CA9-4B0D-A72C-68CC1E963497}.Debug|Any CPU.Build.0 = Debug|Any CPU
		{F6D737C0-4CA9-4B0D-A72C-68CC1E963497}.Debug|x64.ActiveCfg = Debug|Any CPU
		{F6D737C0-4CA9-4B0D-A72C-68CC1E963497}.Debug|x64.Build.0 = Debug|Any CPU
		{F6D737C0-4CA9-4B0D-A72C-68CC1E963497}.Debug|x86.ActiveCfg = Debug|Any CPU
		{F6D737C0-4CA9-4B0D-A72C-68CC1E963497}.Debug|x86.Build.0 = Debug|Any CPU
		{F6D737C0-4CA9-4B0D-A72C-68CC1E963497}.Release|Any CPU.ActiveCfg = Release|Any CPU
		{F6D737C0-4CA9-4B0D-A72C-68CC1E963497}.Release|Any CPU.Build.0 = Release|Any CPU
		{F6D737C0-4CA9-4B0D-A72C-68CC1E963497}.Release|x64.ActiveCfg = Release|Any CPU
		{F6D737C0-4CA9-4B0D-A72C-68CC1E963497}.Release|x64.Build.0 = Release|Any CPU
		{F6D737C0-4CA9-4B0D-A72C-68CC1E963497}.Release|x86.ActiveCfg = Release|Any CPU
		{F6D737C0-4CA9-4B0D-A72C-68CC1E963497}.Release|x86.Build.0 = Release|Any CPU
		{27A0E558-7A3F-403D-B56D-CD9BC3F5E7FC}.Debug|Any CPU.ActiveCfg = Debug|Any CPU
		{27A0E558-7A3F-403D-B56D-CD9BC3F5E7FC}.Debug|Any CPU.Build.0 = Debug|Any CPU
		{27A0E558-7A3F-403D-B56D-CD9BC3F5E7FC}.Debug|x64.ActiveCfg = Debug|Any CPU
		{27A0E558-7A3F-403D-B56D-CD9BC3F5E7FC}.Debug|x64.Build.0 = Debug|Any CPU
		{27A0E558-7A3F-403D-B56D-CD9BC3F5E7FC}.Debug|x86.ActiveCfg = Debug|Any CPU
		{27A0E558-7A3F-403D-B56D-CD9BC3F5E7FC}.Debug|x86.Build.0 = Debug|Any CPU
		{27A0E558-7A3F-403D-B56D-CD9BC3F5E7FC}.Release|Any CPU.ActiveCfg = Release|Any CPU
		{27A0E558-7A3F-403D-B56D-CD9BC3F5E7FC}.Release|Any CPU.Build.0 = Release|Any CPU
		{27A0E558-7A3F-403D-B56D-CD9BC3F5E7FC}.Release|x64.ActiveCfg = Release|Any CPU
		{27A0E558-7A3F-403D-B56D-CD9BC3F5E7FC}.Release|x64.Build.0 = Release|Any CPU
		{27A0E558-7A3F-403D-B56D-CD9BC3F5E7FC}.Release|x86.ActiveCfg = Release|Any CPU
		{27A0E558-7A3F-403D-B56D-CD9BC3F5E7FC}.Release|x86.Build.0 = Release|Any CPU
		{11BEEB17-E740-43DC-87D6-E812A96CB115}.Debug|Any CPU.ActiveCfg = Debug|Any CPU
		{11BEEB17-E740-43DC-87D6-E812A96CB115}.Debug|Any CPU.Build.0 = Debug|Any CPU
		{11BEEB17-E740-43DC-87D6-E812A96CB115}.Debug|x64.ActiveCfg = Debug|Any CPU
		{11BEEB17-E740-43DC-87D6-E812A96CB115}.Debug|x64.Build.0 = Debug|Any CPU
		{11BEEB17-E740-43DC-87D6-E812A96CB115}.Debug|x86.ActiveCfg = Debug|Any CPU
		{11BEEB17-E740-43DC-87D6-E812A96CB115}.Debug|x86.Build.0 = Debug|Any CPU
		{11BEEB17-E740-43DC-87D6-E812A96CB115}.Release|Any CPU.ActiveCfg = Release|Any CPU
		{11BEEB17-E740-43DC-87D6-E812A96CB115}.Release|Any CPU.Build.0 = Release|Any CPU
		{11BEEB17-E740-43DC-87D6-E812A96CB115}.Release|x64.ActiveCfg = Release|Any CPU
		{11BEEB17-E740-43DC-87D6-E812A96CB115}.Release|x64.Build.0 = Release|Any CPU
		{11BEEB17-E740-43DC-87D6-E812A96CB115}.Release|x86.ActiveCfg = Release|Any CPU
		{11BEEB17-E740-43DC-87D6-E812A96CB115}.Release|x86.Build.0 = Release|Any CPU
		{000A2B12-F245-4CA2-BCDB-3E6D1049A669}.Debug|Any CPU.ActiveCfg = Debug|Any CPU
		{000A2B12-F245-4CA2-BCDB-3E6D1049A669}.Debug|Any CPU.Build.0 = Debug|Any CPU
		{000A2B12-F245-4CA2-BCDB-3E6D1049A669}.Debug|x64.ActiveCfg = Debug|Any CPU
		{000A2B12-F245-4CA2-BCDB-3E6D1049A669}.Debug|x64.Build.0 = Debug|Any CPU
		{000A2B12-F245-4CA2-BCDB-3E6D1049A669}.Debug|x86.ActiveCfg = Debug|Any CPU
		{000A2B12-F245-4CA2-BCDB-3E6D1049A669}.Debug|x86.Build.0 = Debug|Any CPU
		{000A2B12-F245-4CA2-BCDB-3E6D1049A669}.Release|Any CPU.ActiveCfg = Release|Any CPU
		{000A2B12-F245-4CA2-BCDB-3E6D1049A669}.Release|Any CPU.Build.0 = Release|Any CPU
		{000A2B12-F245-4CA2-BCDB-3E6D1049A669}.Release|x64.ActiveCfg = Release|Any CPU
		{000A2B12-F245-4CA2-BCDB-3E6D1049A669}.Release|x64.Build.0 = Release|Any CPU
		{000A2B12-F245-4CA2-BCDB-3E6D1049A669}.Release|x86.ActiveCfg = Release|Any CPU
		{000A2B12-F245-4CA2-BCDB-3E6D1049A669}.Release|x86.Build.0 = Release|Any CPU
	EndGlobalSection
	GlobalSection(SolutionProperties) = preSolution
		HideSolutionNode = FALSE
	EndGlobalSection
EndGlobal
